
Microsoft Visual Studio Solution File, Format Version 12.00
# Visual Studio Version 17
VisualStudioVersion = 17.0.31903.59
MinimumVisualStudioVersion = 10.0.40219.1
Project("{FAE04EC0-301F-11D3-BF4B-00C04F79EFBC}") = "visual-kit-gen", "visual-kit-gen.csproj", "{A182E2AC-0527-4434-A4EB-0FD89169DA67}"
EndProject
Global
	GlobalSection(SolutionConfigurationPlatforms) = preSolution
		Debug|Any CPU = Debug|Any CPU
		Release|Any CPU = Release|Any CPU
	EndGlobalSection
	GlobalSection(SolutionProperties) = preSolution
		HideSolutionNode = FALSE
	EndGlobalSection
	GlobalSection(ProjectConfigurationPlatforms) = postSolution
		{A182E2AC-0527-4434-A4EB-0FD89169DA67}.Debug|Any CPU.ActiveCfg = Debug|Any CPU
		{A182E2AC-0527-4434-A4EB-0FD89169DA67}.Debug|Any CPU.Build.0 = Debug|Any CPU
		{A182E2AC-0527-4434-A4EB-0FD89169DA67}.Release|Any CPU.ActiveCfg = Release|Any CPU
		{A182E2AC-0527-4434-A4EB-0FD89169DA67}.Release|Any CPU.Build.0 = Release|Any CPU
	EndGlobalSection
EndGlobal
